
Microsoft Visual Studio Solution File, Format Version 12.00
# Visual Studio Version 16
VisualStudioVersion = 16.0.34301.259
MinimumVisualStudioVersion = 10.0.40219.1
Project("{2150E333-8FDC-42A3-9474-1A3956D46DE8}") = "Task0", "Task0", "{547DB172-1853-4124-975C-1A732F0511B2}"
EndProject
Project("{FAE04EC0-301F-11D3-BF4B-00C04F79EFBC}") = "Tyuiu.KulakovEE.Sprint6.Task0.V17.Lib", "Tyuiu.KulakovEE.Sprint6.Task0.V17.Lib\Tyuiu.KulakovEE.Sprint6.Task0.V17.Lib.csproj", "{ED90678F-95AE-4304-AA6C-8E34958D4F08}"
EndProject
Project("{FAE04EC0-301F-11D3-BF4B-00C04F79EFBC}") = "Tyuiu.KulakovEE.Sprint6.Task0.V17.Test", "Tyuiu.KulakovEE.Sprint6.Task0.V17.Test\Tyuiu.KulakovEE.Sprint6.Task0.V17.Test.csproj", "{B1B75FE1-383E-4182-BC58-ED0D150A7203}"
EndProject
Project("{FAE04EC0-301F-11D3-BF4B-00C04F79EFBC}") = "Tyuiu.KulakovEE.Sprint6.Task0.V17", "Tyuiu.KulakovEE.Sprint6.Task0.V17\Tyuiu.KulakovEE.Sprint6.Task0.V17.csproj", "{81D4180E-A5A3-45B7-9850-D2126282085C}"
EndProject
Project("{2150E333-8FDC-42A3-9474-1A3956D46DE8}") = "Task1", "Task1", "{9D3704CA-D64F-4A3B-9DF3-256C48234780}"
EndProject
Project("{FAE04EC0-301F-11D3-BF4B-00C04F79EFBC}") = "Tyuiu.KulakovEE.Sprint6.Task1.V21", "Tyuiu.KulakovEE.Sprint6.Task1.V21\Tyuiu.KulakovEE.Sprint6.Task1.V21.csproj", "{E37550B6-4A17-4334-AB0F-4E1142B20E43}"
EndProject
Project("{FAE04EC0-301F-11D3-BF4B-00C04F79EFBC}") = "Tyuiu.KulakovEE.Sprint6.Task1.V21.Lib", "Tyuiu.KulakovEE.Sprint6.Task1.V21.Lib\Tyuiu.KulakovEE.Sprint6.Task1.V21.Lib.csproj", "{FAC07A05-825D-4AA8-9CF2-9E2F75F545F3}"
EndProject
Project("{FAE04EC0-301F-11D3-BF4B-00C04F79EFBC}") = "Tyuiu.KulakovEE.Sprint6.Task1.V21.Test", "Tyuiu.KulakovEE.Sprint6.Task1.V21.Test\Tyuiu.KulakovEE.Sprint6.Task1.V21.Test.csproj", "{8204DB32-F195-4626-B5BF-7D6396DC544F}"
EndProject
Project("{2150E333-8FDC-42A3-9474-1A3956D46DE8}") = "Task2", "Task2", "{FC7072C4-881C-44C9-A1F1-333E4C27F75A}"
EndProject
Project("{FAE04EC0-301F-11D3-BF4B-00C04F79EFBC}") = "Tyuiu.KulakovEE.Sprint6.Task2.V23.Lib", "Tyuiu.KulakovEE.Sprint6.Task2.V23.Lib\Tyuiu.KulakovEE.Sprint6.Task2.V23.Lib.csproj", "{032FA625-8127-436E-9A7D-A6D52D0D12E6}"
EndProject
Project("{FAE04EC0-301F-11D3-BF4B-00C04F79EFBC}") = "Tyuiu.KulakovEE.Sprint6.Task2.V23.Test", "Tyuiu.KulakovEE.Sprint6.Task2.V23.Test\Tyuiu.KulakovEE.Sprint6.Task2.V23.Test.csproj", "{147C5936-707C-455A-83B2-C9BF8ED82308}"
EndProject
Project("{FAE04EC0-301F-11D3-BF4B-00C04F79EFBC}") = "Tyuiu.KulakovEE.Sprint6.Task2.V23", "Tyuiu.KulakovEE.Sprint6.Task2.V23\Tyuiu.KulakovEE.Sprint6.Task2.V23.csproj", "{F9AA55F7-4563-48C7-A5E4-94DDA1B5BF87}"
EndProject
Project("{2150E333-8FDC-42A3-9474-1A3956D46DE8}") = "Task3", "Task3", "{7A20A251-56F8-4417-9F05-882F2A824B84}"
EndProject
Project("{FAE04EC0-301F-11D3-BF4B-00C04F79EFBC}") = "Tyuiu.KulakovEE.Sprint6.Task3.V9.Lib", "Tyuiu.KulakovEE.Sprint6.Task3.V9.Lib\Tyuiu.KulakovEE.Sprint6.Task3.V9.Lib.csproj", "{1266A5BC-526A-420E-BA5F-DB19042AF3DC}"
EndProject
Project("{FAE04EC0-301F-11D3-BF4B-00C04F79EFBC}") = "Tyuiu.KulakovEE.Sprint6.Task3.V9.Test", "Tyuiu.KulakovEE.Sprint6.Task3.V9.Test\Tyuiu.KulakovEE.Sprint6.Task3.V9.Test.csproj", "{1ACDAF69-205F-4E9D-A457-90AF1CDF2815}"
EndProject
Project("{FAE04EC0-301F-11D3-BF4B-00C04F79EFBC}") = "Tyuiu.KulakovEE.Sprint6.Task3.V9", "Tyuiu.KulakovEE.Sprint6.Task3.V9\Tyuiu.KulakovEE.Sprint6.Task3.V9.csproj", "{02DBE5DE-ABF6-450A-852F-17D6BA6CAE7E}"
EndProject
Global
	GlobalSection(SolutionConfigurationPlatforms) = preSolution
		Debug|Any CPU = Debug|Any CPU
		Release|Any CPU = Release|Any CPU
	EndGlobalSection
	GlobalSection(ProjectConfigurationPlatforms) = postSolution
		{ED90678F-95AE-4304-AA6C-8E34958D4F08}.Debug|Any CPU.ActiveCfg = Debug|Any CPU
		{ED90678F-95AE-4304-AA6C-8E34958D4F08}.Debug|Any CPU.Build.0 = Debug|Any CPU
		{ED90678F-95AE-4304-AA6C-8E34958D4F08}.Release|Any CPU.ActiveCfg = Release|Any CPU
		{ED90678F-95AE-4304-AA6C-8E34958D4F08}.Release|Any CPU.Build.0 = Release|Any CPU
		{B1B75FE1-383E-4182-BC58-ED0D150A7203}.Debug|Any CPU.ActiveCfg = Debug|Any CPU
		{B1B75FE1-383E-4182-BC58-ED0D150A7203}.Debug|Any CPU.Build.0 = Debug|Any CPU
		{B1B75FE1-383E-4182-BC58-ED0D150A7203}.Release|Any CPU.ActiveCfg = Release|Any CPU
		{B1B75FE1-383E-4182-BC58-ED0D150A7203}.Release|Any CPU.Build.0 = Release|Any CPU
		{81D4180E-A5A3-45B7-9850-D2126282085C}.Debug|Any CPU.ActiveCfg = Debug|Any CPU
		{81D4180E-A5A3-45B7-9850-D2126282085C}.Debug|Any CPU.Build.0 = Debug|Any CPU
		{81D4180E-A5A3-45B7-9850-D2126282085C}.Release|Any CPU.ActiveCfg = Release|Any CPU
		{81D4180E-A5A3-45B7-9850-D2126282085C}.Release|Any CPU.Build.0 = Release|Any CPU
		{E37550B6-4A17-4334-AB0F-4E1142B20E43}.Debug|Any CPU.ActiveCfg = Debug|Any CPU
		{E37550B6-4A17-4334-AB0F-4E1142B20E43}.Debug|Any CPU.Build.0 = Debug|Any CPU
		{E37550B6-4A17-4334-AB0F-4E1142B20E43}.Release|Any CPU.ActiveCfg = Release|Any CPU
		{E37550B6-4A17-4334-AB0F-4E1142B20E43}.Release|Any CPU.Build.0 = Release|Any CPU
		{FAC07A05-825D-4AA8-9CF2-9E2F75F545F3}.Debug|Any CPU.ActiveCfg = Debug|Any CPU
		{FAC07A05-825D-4AA8-9CF2-9E2F75F545F3}.Debug|Any CPU.Build.0 = Debug|Any CPU
		{FAC07A05-825D-4AA8-9CF2-9E2F75F545F3}.Release|Any CPU.ActiveCfg = Release|Any CPU
		{FAC07A05-825D-4AA8-9CF2-9E2F75F545F3}.Release|Any CPU.Build.0 = Release|Any CPU
		{8204DB32-F195-4626-B5BF-7D6396DC544F}.Debug|Any CPU.ActiveCfg = Debug|Any CPU
		{8204DB32-F195-4626-B5BF-7D6396DC544F}.Debug|Any CPU.Build.0 = Debug|Any CPU
		{8204DB32-F195-4626-B5BF-7D6396DC544F}.Release|Any CPU.ActiveCfg = Release|Any CPU
		{8204DB32-F195-4626-B5BF-7D6396DC544F}.Release|Any CPU.Build.0 = Release|Any CPU
		{032FA625-8127-436E-9A7D-A6D52D0D12E6}.Debug|Any CPU.ActiveCfg = Debug|Any CPU
		{032FA625-8127-436E-9A7D-A6D52D0D12E6}.Debug|Any CPU.Build.0 = Debug|Any CPU
		{032FA625-8127-436E-9A7D-A6D52D0D12E6}.Release|Any CPU.ActiveCfg = Release|Any CPU
		{032FA625-8127-436E-9A7D-A6D52D0D12E6}.Release|Any CPU.Build.0 = Release|Any CPU
		{147C5936-707C-455A-83B2-C9BF8ED82308}.Debug|Any CPU.ActiveCfg = Debug|Any CPU
		{147C5936-707C-455A-83B2-C9BF8ED82308}.Debug|Any CPU.Build.0 = Debug|Any CPU
		{147C5936-707C-455A-83B2-C9BF8ED82308}.Release|Any CPU.ActiveCfg = Release|Any CPU
		{147C5936-707C-455A-83B2-C9BF8ED82308}.Release|Any CPU.Build.0 = Release|Any CPU
		{F9AA55F7-4563-48C7-A5E4-94DDA1B5BF87}.Debug|Any CPU.ActiveCfg = Debug|Any CPU
		{F9AA55F7-4563-48C7-A5E4-94DDA1B5BF87}.Debug|Any CPU.Build.0 = Debug|Any CPU
		{F9AA55F7-4563-48C7-A5E4-94DDA1B5BF87}.Release|Any CPU.ActiveCfg = Release|Any CPU
		{F9AA55F7-4563-48C7-A5E4-94DDA1B5BF87}.Release|Any CPU.Build.0 = Release|Any CPU
		{1266A5BC-526A-420E-BA5F-DB19042AF3DC}.Debug|Any CPU.ActiveCfg = Debug|Any CPU
		{1266A5BC-526A-420E-BA5F-DB19042AF3DC}.Debug|Any CPU.Build.0 = Debug|Any CPU
		{1266A5BC-526A-420E-BA5F-DB19042AF3DC}.Release|Any CPU.ActiveCfg = Release|Any CPU
		{1266A5BC-526A-420E-BA5F-DB19042AF3DC}.Release|Any CPU.Build.0 = Release|Any CPU
		{1ACDAF69-205F-4E9D-A457-90AF1CDF2815}.Debug|Any CPU.ActiveCfg = Debug|Any CPU
		{1ACDAF69-205F-4E9D-A457-90AF1CDF2815}.Debug|Any CPU.Build.0 = Debug|Any CPU
		{1ACDAF69-205F-4E9D-A457-90AF1CDF2815}.Release|Any CPU.ActiveCfg = Release|Any CPU
		{1ACDAF69-205F-4E9D-A457-90AF1CDF2815}.Release|Any CPU.Build.0 = Release|Any CPU
		{02DBE5DE-ABF6-450A-852F-17D6BA6CAE7E}.Debug|Any CPU.ActiveCfg = Debug|Any CPU
		{02DBE5DE-ABF6-450A-852F-17D6BA6CAE7E}.Debug|Any CPU.Build.0 = Debug|Any CPU
		{02DBE5DE-ABF6-450A-852F-17D6BA6CAE7E}.Release|Any CPU.ActiveCfg = Release|Any CPU
		{02DBE5DE-ABF6-450A-852F-17D6BA6CAE7E}.Release|Any CPU.Build.0 = Release|Any CPU
	EndGlobalSection
	GlobalSection(SolutionProperties) = preSolution
		HideSolutionNode = FALSE
	EndGlobalSection
	GlobalSection(NestedProjects) = preSolution
		{ED90678F-95AE-4304-AA6C-8E34958D4F08} = {547DB172-1853-4124-975C-1A732F0511B2}
		{B1B75FE1-383E-4182-BC58-ED0D150A7203} = {547DB172-1853-4124-975C-1A732F0511B2}
		{81D4180E-A5A3-45B7-9850-D2126282085C} = {547DB172-1853-4124-975C-1A732F0511B2}
		{E37550B6-4A17-4334-AB0F-4E1142B20E43} = {9D3704CA-D64F-4A3B-9DF3-256C48234780}
		{FAC07A05-825D-4AA8-9CF2-9E2F75F545F3} = {9D3704CA-D64F-4A3B-9DF3-256C48234780}
		{8204DB32-F195-4626-B5BF-7D6396DC544F} = {9D3704CA-D64F-4A3B-9DF3-256C48234780}
		{032FA625-8127-436E-9A7D-A6D52D0D12E6} = {FC7072C4-881C-44C9-A1F1-333E4C27F75A}
		{147C5936-707C-455A-83B2-C9BF8ED82308} = {FC7072C4-881C-44C9-A1F1-333E4C27F75A}
		{F9AA55F7-4563-48C7-A5E4-94DDA1B5BF87} = {FC7072C4-881C-44C9-A1F1-333E4C27F75A}
		{1266A5BC-526A-420E-BA5F-DB19042AF3DC} = {7A20A251-56F8-4417-9F05-882F2A824B84}
		{1ACDAF69-205F-4E9D-A457-90AF1CDF2815} = {7A20A251-56F8-4417-9F05-882F2A824B84}
		{02DBE5DE-ABF6-450A-852F-17D6BA6CAE7E} = {7A20A251-56F8-4417-9F05-882F2A824B84}
	EndGlobalSection
	GlobalSection(ExtensibilityGlobals) = postSolution
		SolutionGuid = {8331D1EE-0B65-4670-B786-79F2100A3EC4}
	EndGlobalSection
EndGlobal
